
Microsoft Visual Studio Solution File, Format Version 12.00
# Visual Studio Version 17
VisualStudioVersion = 17.7.34202.233
MinimumVisualStudioVersion = 10.0.40219.1
Project("{FAE04EC0-301F-11D3-BF4B-00C04F79EFBC}") = "API", "API\API.csproj", "{1E7C5401-AC7C-4A92-87FD-D807229B75CF}"
EndProject
Project("{2150E333-8FDC-42A3-9474-1A3956D46DE8}") = "Solution Items", "Solution Items", "{A206548F-3D04-4A37-ACE1-C753FAE67295}"
	ProjectSection(SolutionItems) = preProject
		.editorconfig = .editorconfig
	EndProjectSection
EndProject
Project("{FAE04EC0-301F-11D3-BF4B-00C04F79EFBC}") = "Core", "Core\Core.csproj", "{33F5B6FE-63AA-4BC4-A47B-DB8C8A3FFC34}"
EndProject
Project("{FAE04EC0-301F-11D3-BF4B-00C04F79EFBC}") = "Infrastructure", "Infrastructure\Infrastructure.csproj", "{97AA45A8-5DA2-4458-A335-B9DB9B318DDC}"
EndProject
Global
	GlobalSection(SolutionConfigurationPlatforms) = preSolution
		Debug|Any CPU = Debug|Any CPU
		Release|Any CPU = Release|Any CPU
	EndGlobalSection
	GlobalSection(ProjectConfigurationPlatforms) = postSolution
		{1E7C5401-AC7C-4A92-87FD-D807229B75CF}.Debug|Any CPU.ActiveCfg = Debug|Any CPU
		{1E7C5401-AC7C-4A92-87FD-D807229B75CF}.Debug|Any CPU.Build.0 = Debug|Any CPU
		{1E7C5401-AC7C-4A92-87FD-D807229B75CF}.Release|Any CPU.ActiveCfg = Release|Any CPU
		{1E7C5401-AC7C-4A92-87FD-D807229B75CF}.Release|Any CPU.Build.0 = Release|Any CPU
		{33F5B6FE-63AA-4BC4-A47B-DB8C8A3FFC34}.Debug|Any CPU.ActiveCfg = Debug|Any CPU
		{33F5B6FE-63AA-4BC4-A47B-DB8C8A3FFC34}.Debug|Any CPU.Build.0 = Debug|Any CPU
		{33F5B6FE-63AA-4BC4-A47B-DB8C8A3FFC34}.Release|Any CPU.ActiveCfg = Release|Any CPU
		{33F5B6FE-63AA-4BC4-A47B-DB8C8A3FFC34}.Release|Any CPU.Build.0 = Release|Any CPU
		{97AA45A8-5DA2-4458-A335-B9DB9B318DDC}.Debug|Any CPU.ActiveCfg = Debug|Any CPU
		{97AA45A8-5DA2-4458-A335-B9DB9B318DDC}.Debug|Any CPU.Build.0 = Debug|Any CPU
		{97AA45A8-5DA2-4458-A335-B9DB9B318DDC}.Release|Any CPU.ActiveCfg = Release|Any CPU
		{97AA45A8-5DA2-4458-A335-B9DB9B318DDC}.Release|Any CPU.Build.0 = Release|Any CPU
	EndGlobalSection
	GlobalSection(SolutionProperties) = preSolution
		HideSolutionNode = FALSE
	EndGlobalSection
	GlobalSection(ExtensibilityGlobals) = postSolution
		SolutionGuid = {F4FA07B2-F87D-4251-B859-A4A0EF0BBB70}
	EndGlobalSection
EndGlobal
